
Microsoft Visual Studio Solution File, Format Version 12.00
# Visual Studio Version 17
VisualStudioVersion = 17.9.34616.47
MinimumVisualStudioVersion = 10.0.40219.1
Project("{FAE04EC0-301F-11D3-BF4B-00C04F79EFBC}") = "Generic_Collection", "Generic_Collection.csproj", "{46C4186C-B5D7-47DB-813F-F7533CA57B2F}"
EndProject
Global
	GlobalSection(SolutionConfigurationPlatforms) = preSolution
		Debug|Any CPU = Debug|Any CPU
		Release|Any CPU = Release|Any CPU
	EndGlobalSection
	GlobalSection(ProjectConfigurationPlatforms) = postSolution
		{46C4186C-B5D7-47DB-813F-F7533CA57B2F}.Debug|Any CPU.ActiveCfg = Debug|Any CPU
		{46C4186C-B5D7-47DB-813F-F7533CA57B2F}.Debug|Any CPU.Build.0 = Debug|Any CPU
		{46C4186C-B5D7-47DB-813F-F7533CA57B2F}.Release|Any CPU.ActiveCfg = Release|Any CPU
		{46C4186C-B5D7-47DB-813F-F7533CA57B2F}.Release|Any CPU.Build.0 = Release|Any CPU
	EndGlobalSection
	GlobalSection(SolutionProperties) = preSolution
		HideSolutionNode = FALSE
	EndGlobalSection
	GlobalSection(ExtensibilityGlobals) = postSolution
		SolutionGuid = {EF5FFF6F-C536-49E1-930E-686472371A11}
	EndGlobalSection
EndGlobal
