
Microsoft Visual Studio Solution File, Format Version 12.00
# Visual Studio Version 17
VisualStudioVersion = 17.9.34616.47
MinimumVisualStudioVersion = 10.0.40219.1
Project("{FAE04EC0-301F-11D3-BF4B-00C04F79EFBC}") = "Custom_Exception", "Custom_Exception.csproj", "{FB59443D-0E1C-4334-ACD1-DB63F93EB114}"
EndProject
Global
	GlobalSection(SolutionConfigurationPlatforms) = preSolution
		Debug|Any CPU = Debug|Any CPU
		Release|Any CPU = Release|Any CPU
	EndGlobalSection
	GlobalSection(ProjectConfigurationPlatforms) = postSolution
		{FB59443D-0E1C-4334-ACD1-DB63F93EB114}.Debug|Any CPU.ActiveCfg = Debug|Any CPU
		{FB59443D-0E1C-4334-ACD1-DB63F93EB114}.Debug|Any CPU.Build.0 = Debug|Any CPU
		{FB59443D-0E1C-4334-ACD1-DB63F93EB114}.Release|Any CPU.ActiveCfg = Release|Any CPU
		{FB59443D-0E1C-4334-ACD1-DB63F93EB114}.Release|Any CPU.Build.0 = Release|Any CPU
	EndGlobalSection
	GlobalSection(SolutionProperties) = preSolution
		HideSolutionNode = FALSE
	EndGlobalSection
	GlobalSection(ExtensibilityGlobals) = postSolution
		SolutionGuid = {BEBF7227-F015-40CC-B286-FFD02E9924E8}
	EndGlobalSection
EndGlobal
