
Microsoft Visual Studio Solution File, Format Version 12.00
# Visual Studio Version 17
VisualStudioVersion = 17.9.34616.47
MinimumVisualStudioVersion = 10.0.40219.1
Project("{FAE04EC0-301F-11D3-BF4B-00C04F79EFBC}") = "productMVC", "productMVC.csproj", "{479D06D0-12A9-4967-8AC1-88AE82DE3074}"
EndProject
Global
	GlobalSection(SolutionConfigurationPlatforms) = preSolution
		Debug|Any CPU = Debug|Any CPU
		Release|Any CPU = Release|Any CPU
	EndGlobalSection
	GlobalSection(ProjectConfigurationPlatforms) = postSolution
		{479D06D0-12A9-4967-8AC1-88AE82DE3074}.Debug|Any CPU.ActiveCfg = Debug|Any CPU
		{479D06D0-12A9-4967-8AC1-88AE82DE3074}.Debug|Any CPU.Build.0 = Debug|Any CPU
		{479D06D0-12A9-4967-8AC1-88AE82DE3074}.Release|Any CPU.ActiveCfg = Release|Any CPU
		{479D06D0-12A9-4967-8AC1-88AE82DE3074}.Release|Any CPU.Build.0 = Release|Any CPU
	EndGlobalSection
	GlobalSection(SolutionProperties) = preSolution
		HideSolutionNode = FALSE
	EndGlobalSection
	GlobalSection(ExtensibilityGlobals) = postSolution
		SolutionGuid = {4011BDA2-4406-4F87-A499-0ABD12159026}
	EndGlobalSection
EndGlobal
