
Microsoft Visual Studio Solution File, Format Version 12.00
# Visual Studio Version 17
VisualStudioVersion = 17.9.34616.47
MinimumVisualStudioVersion = 10.0.40219.1
Project("{FAE04EC0-301F-11D3-BF4B-00C04F79EFBC}") = "Inventory", "Inventory.csproj", "{EA2D6EBA-FA85-4D3F-882C-843B895B74B3}"
EndProject
Global
	GlobalSection(SolutionConfigurationPlatforms) = preSolution
		Debug|Any CPU = Debug|Any CPU
		Release|Any CPU = Release|Any CPU
	EndGlobalSection
	GlobalSection(ProjectConfigurationPlatforms) = postSolution
		{EA2D6EBA-FA85-4D3F-882C-843B895B74B3}.Debug|Any CPU.ActiveCfg = Debug|Any CPU
		{EA2D6EBA-FA85-4D3F-882C-843B895B74B3}.Debug|Any CPU.Build.0 = Debug|Any CPU
		{EA2D6EBA-FA85-4D3F-882C-843B895B74B3}.Release|Any CPU.ActiveCfg = Release|Any CPU
		{EA2D6EBA-FA85-4D3F-882C-843B895B74B3}.Release|Any CPU.Build.0 = Release|Any CPU
	EndGlobalSection
	GlobalSection(SolutionProperties) = preSolution
		HideSolutionNode = FALSE
	EndGlobalSection
	GlobalSection(ExtensibilityGlobals) = postSolution
		SolutionGuid = {ECB7836D-9300-4127-AFAE-B3253306F68F}
	EndGlobalSection
EndGlobal
