
Microsoft Visual Studio Solution File, Format Version 12.00
# Visual Studio Version 17
VisualStudioVersion = 17.9.34616.47
MinimumVisualStudioVersion = 10.0.40219.1
Project("{FAE04EC0-301F-11D3-BF4B-00C04F79EFBC}") = "cookieauthentication", "cookieauthentication.csproj", "{0458943F-5B2C-46BD-BFE1-BD900DF87D34}"
EndProject
Global
	GlobalSection(SolutionConfigurationPlatforms) = preSolution
		Debug|Any CPU = Debug|Any CPU
		Release|Any CPU = Release|Any CPU
	EndGlobalSection
	GlobalSection(ProjectConfigurationPlatforms) = postSolution
		{0458943F-5B2C-46BD-BFE1-BD900DF87D34}.Debug|Any CPU.ActiveCfg = Debug|Any CPU
		{0458943F-5B2C-46BD-BFE1-BD900DF87D34}.Debug|Any CPU.Build.0 = Debug|Any CPU
		{0458943F-5B2C-46BD-BFE1-BD900DF87D34}.Release|Any CPU.ActiveCfg = Release|Any CPU
		{0458943F-5B2C-46BD-BFE1-BD900DF87D34}.Release|Any CPU.Build.0 = Release|Any CPU
	EndGlobalSection
	GlobalSection(SolutionProperties) = preSolution
		HideSolutionNode = FALSE
	EndGlobalSection
	GlobalSection(ExtensibilityGlobals) = postSolution
		SolutionGuid = {42969026-E581-4BD3-8A49-DFF5755C85A9}
	EndGlobalSection
EndGlobal
