
Microsoft Visual Studio Solution File, Format Version 12.00
# Visual Studio Version 17
VisualStudioVersion = 17.9.34616.47
MinimumVisualStudioVersion = 10.0.40219.1
Project("{FAE04EC0-301F-11D3-BF4B-00C04F79EFBC}") = "razorPage", "razorPage.csproj", "{A578F677-87CB-4A6F-BC09-0B639CB2AA77}"
EndProject
Global
	GlobalSection(SolutionConfigurationPlatforms) = preSolution
		Debug|Any CPU = Debug|Any CPU
		Release|Any CPU = Release|Any CPU
	EndGlobalSection
	GlobalSection(ProjectConfigurationPlatforms) = postSolution
		{A578F677-87CB-4A6F-BC09-0B639CB2AA77}.Debug|Any CPU.ActiveCfg = Debug|Any CPU
		{A578F677-87CB-4A6F-BC09-0B639CB2AA77}.Debug|Any CPU.Build.0 = Debug|Any CPU
		{A578F677-87CB-4A6F-BC09-0B639CB2AA77}.Release|Any CPU.ActiveCfg = Release|Any CPU
		{A578F677-87CB-4A6F-BC09-0B639CB2AA77}.Release|Any CPU.Build.0 = Release|Any CPU
	EndGlobalSection
	GlobalSection(SolutionProperties) = preSolution
		HideSolutionNode = FALSE
	EndGlobalSection
	GlobalSection(ExtensibilityGlobals) = postSolution
		SolutionGuid = {5C2F4CA5-7A99-41CF-810A-F358DE270B96}
	EndGlobalSection
EndGlobal
