
Microsoft Visual Studio Solution File, Format Version 12.00
# Visual Studio Version 17
VisualStudioVersion = 17.9.34616.47
MinimumVisualStudioVersion = 10.0.40219.1
Project("{FAE04EC0-301F-11D3-BF4B-00C04F79EFBC}") = "EmployeeManagement", "EmployeeManagement.csproj", "{75ACD66B-619C-413A-94F8-793D27A39EA8}"
EndProject
Global
	GlobalSection(SolutionConfigurationPlatforms) = preSolution
		Debug|Any CPU = Debug|Any CPU
		Release|Any CPU = Release|Any CPU
	EndGlobalSection
	GlobalSection(ProjectConfigurationPlatforms) = postSolution
		{75ACD66B-619C-413A-94F8-793D27A39EA8}.Debug|Any CPU.ActiveCfg = Debug|Any CPU
		{75ACD66B-619C-413A-94F8-793D27A39EA8}.Debug|Any CPU.Build.0 = Debug|Any CPU
		{75ACD66B-619C-413A-94F8-793D27A39EA8}.Release|Any CPU.ActiveCfg = Release|Any CPU
		{75ACD66B-619C-413A-94F8-793D27A39EA8}.Release|Any CPU.Build.0 = Release|Any CPU
	EndGlobalSection
	GlobalSection(SolutionProperties) = preSolution
		HideSolutionNode = FALSE
	EndGlobalSection
	GlobalSection(ExtensibilityGlobals) = postSolution
		SolutionGuid = {8B0F108C-F035-4DBF-9000-2EA9E088D303}
	EndGlobalSection
EndGlobal
