
Microsoft Visual Studio Solution File, Format Version 12.00
# Visual Studio Version 17
VisualStudioVersion = 17.9.34616.47
MinimumVisualStudioVersion = 10.0.40219.1
Project("{FAE04EC0-301F-11D3-BF4B-00C04F79EFBC}") = "Mongo", "Mongo.csproj", "{3AEC1A0D-CE41-49E0-9CEB-0C64894BC21F}"
EndProject
Global
	GlobalSection(SolutionConfigurationPlatforms) = preSolution
		Debug|Any CPU = Debug|Any CPU
		Release|Any CPU = Release|Any CPU
	EndGlobalSection
	GlobalSection(ProjectConfigurationPlatforms) = postSolution
		{3AEC1A0D-CE41-49E0-9CEB-0C64894BC21F}.Debug|Any CPU.ActiveCfg = Debug|Any CPU
		{3AEC1A0D-CE41-49E0-9CEB-0C64894BC21F}.Debug|Any CPU.Build.0 = Debug|Any CPU
		{3AEC1A0D-CE41-49E0-9CEB-0C64894BC21F}.Release|Any CPU.ActiveCfg = Release|Any CPU
		{3AEC1A0D-CE41-49E0-9CEB-0C64894BC21F}.Release|Any CPU.Build.0 = Release|Any CPU
	EndGlobalSection
	GlobalSection(SolutionProperties) = preSolution
		HideSolutionNode = FALSE
	EndGlobalSection
	GlobalSection(ExtensibilityGlobals) = postSolution
		SolutionGuid = {E6836A24-5EA3-4F64-96AF-E9175DFD0556}
	EndGlobalSection
EndGlobal
