
Microsoft Visual Studio Solution File, Format Version 12.00
# Visual Studio Version 17
VisualStudioVersion = 17.9.34616.47
MinimumVisualStudioVersion = 10.0.40219.1
Project("{FAE04EC0-301F-11D3-BF4B-00C04F79EFBC}") = "Authentication", "Authentication.csproj", "{1F287138-23BA-41D7-AE91-2B9A382ED94D}"
EndProject
Global
	GlobalSection(SolutionConfigurationPlatforms) = preSolution
		Debug|Any CPU = Debug|Any CPU
		Release|Any CPU = Release|Any CPU
	EndGlobalSection
	GlobalSection(ProjectConfigurationPlatforms) = postSolution
		{1F287138-23BA-41D7-AE91-2B9A382ED94D}.Debug|Any CPU.ActiveCfg = Debug|Any CPU
		{1F287138-23BA-41D7-AE91-2B9A382ED94D}.Debug|Any CPU.Build.0 = Debug|Any CPU
		{1F287138-23BA-41D7-AE91-2B9A382ED94D}.Release|Any CPU.ActiveCfg = Release|Any CPU
		{1F287138-23BA-41D7-AE91-2B9A382ED94D}.Release|Any CPU.Build.0 = Release|Any CPU
	EndGlobalSection
	GlobalSection(SolutionProperties) = preSolution
		HideSolutionNode = FALSE
	EndGlobalSection
	GlobalSection(ExtensibilityGlobals) = postSolution
		SolutionGuid = {7C388DDF-93D0-45B3-A4EB-7C79D204390F}
	EndGlobalSection
EndGlobal
